
Microsoft Visual Studio Solution File, Format Version 12.00
# Visual Studio Version 17
VisualStudioVersion = 17.7.34202.233
MinimumVisualStudioVersion = 10.0.40219.1
Project("{FAE04EC0-301F-11D3-BF4B-00C04F79EFBC}") = "ProductsGuradution", "ProductsGuradution\ProductsGuradution.csproj", "{ED305B88-FFEF-4EDF-88CC-3E298CF74F44}"
EndProject
Global
	GlobalSection(SolutionConfigurationPlatforms) = preSolution
		Debug|Any CPU = Debug|Any CPU
		Release|Any CPU = Release|Any CPU
	EndGlobalSection
	GlobalSection(ProjectConfigurationPlatforms) = postSolution
		{ED305B88-FFEF-4EDF-88CC-3E298CF74F44}.Debug|Any CPU.ActiveCfg = Debug|Any CPU
		{ED305B88-FFEF-4EDF-88CC-3E298CF74F44}.Debug|Any CPU.Build.0 = Debug|Any CPU
		{ED305B88-FFEF-4EDF-88CC-3E298CF74F44}.Release|Any CPU.ActiveCfg = Release|Any CPU
		{ED305B88-FFEF-4EDF-88CC-3E298CF74F44}.Release|Any CPU.Build.0 = Release|Any CPU
	EndGlobalSection
	GlobalSection(SolutionProperties) = preSolution
		HideSolutionNode = FALSE
	EndGlobalSection
	GlobalSection(ExtensibilityGlobals) = postSolution
		SolutionGuid = {95413250-9DE4-41BF-BC9E-4BB87631BEF2}
	EndGlobalSection
EndGlobal
